
Microsoft Visual Studio Solution File, Format Version 12.00
# Visual Studio Version 16
VisualStudioVersion = 16.0.31005.135
MinimumVisualStudioVersion = 10.0.40219.1
Project("{FAE04EC0-301F-11D3-BF4B-00C04F79EFBC}") = "dio-DesafioGFT", "dio-DesafioGFT\dio-DesafioGFT.csproj", "{1D43F7B6-BECA-4A25-839B-27BCFDC5D3F0}"
EndProject
Global
	GlobalSection(SolutionConfigurationPlatforms) = preSolution
		Debug|Any CPU = Debug|Any CPU
		Release|Any CPU = Release|Any CPU
	EndGlobalSection
	GlobalSection(ProjectConfigurationPlatforms) = postSolution
		{1D43F7B6-BECA-4A25-839B-27BCFDC5D3F0}.Debug|Any CPU.ActiveCfg = Debug|Any CPU
		{1D43F7B6-BECA-4A25-839B-27BCFDC5D3F0}.Debug|Any CPU.Build.0 = Debug|Any CPU
		{1D43F7B6-BECA-4A25-839B-27BCFDC5D3F0}.Release|Any CPU.ActiveCfg = Release|Any CPU
		{1D43F7B6-BECA-4A25-839B-27BCFDC5D3F0}.Release|Any CPU.Build.0 = Release|Any CPU
	EndGlobalSection
	GlobalSection(SolutionProperties) = preSolution
		HideSolutionNode = FALSE
	EndGlobalSection
	GlobalSection(ExtensibilityGlobals) = postSolution
		SolutionGuid = {9E582AA7-6A9B-439D-983E-43F6563B5585}
	EndGlobalSection
EndGlobal
